// !$*UTF8*$!
{
	archiveVersion = 1;
	classes = {
	};
	objectVersion = 50;
	objects = {

/* Begin PBXBuildFile section */
		CF5CCBE124A005E3001DC59B /* LoginVCView.swift in Sources */ = {isa = PBXBuildFile; fileRef = CF5CCBE024A005E3001DC59B /* LoginVCView.swift */; };
		CF5CCBE324A0184C001DC59B /* LoginAndPasswordView.swift in Sources */ = {isa = PBXBuildFile; fileRef = CF5CCBE224A0184C001DC59B /* LoginAndPasswordView.swift */; };
		CF8755CA249EC7B600F5999F /* AppDelegate.swift in Sources */ = {isa = PBXBuildFile; fileRef = CF8755C9249EC7B600F5999F /* AppDelegate.swift */; };
		CF8755CE249EC7B700F5999F /* LoginViewController.swift in Sources */ = {isa = PBXBuildFile; fileRef = CF8755CD249EC7B700F5999F /* LoginViewController.swift */; };
		CF8755D3249EC7B700F5999F /* Assets.xcassets in Resources */ = {isa = PBXBuildFile; fileRef = CF8755D2249EC7B700F5999F /* Assets.xcassets */; };
		CF8755D6249EC7B700F5999F /* LaunchScreen.storyboard in Resources */ = {isa = PBXBuildFile; fileRef = CF8755D4249EC7B700F5999F /* LaunchScreen.storyboard */; };
		CF8755E7249ECF5600F5999F /* RootAssembly.swift in Sources */ = {isa = PBXBuildFile; fileRef = CF8755E6249ECF5600F5999F /* RootAssembly.swift */; };
		CF8755E9249ECF9A00F5999F /* CoreAssembly.swift in Sources */ = {isa = PBXBuildFile; fileRef = CF8755E8249ECF9A00F5999F /* CoreAssembly.swift */; };
		CF8755EB249ECFC600F5999F /* ServicesAssembly.swift in Sources */ = {isa = PBXBuildFile; fileRef = CF8755EA249ECFC600F5999F /* ServicesAssembly.swift */; };
		CF8755ED249ED03400F5999F /* PresentationAssembly.swift in Sources */ = {isa = PBXBuildFile; fileRef = CF8755EC249ED03400F5999F /* PresentationAssembly.swift */; };
		CF8A97D2249FFAD200C13F74 /* LoginVCModel.swift in Sources */ = {isa = PBXBuildFile; fileRef = CF8A97D1249FFAD200C13F74 /* LoginVCModel.swift */; };
/* End PBXBuildFile section */

/* Begin PBXFileReference section */
		CF5CCBE024A005E3001DC59B /* LoginVCView.swift */ = {isa = PBXFileReference; lastKnownFileType = sourcecode.swift; path = LoginVCView.swift; sourceTree = "<group>"; };
		CF5CCBE224A0184C001DC59B /* LoginAndPasswordView.swift */ = {isa = PBXFileReference; lastKnownFileType = sourcecode.swift; path = LoginAndPasswordView.swift; sourceTree = "<group>"; };
		CF8755C6249EC7B600F5999F /* VK Client.app */ = {isa = PBXFileReference; explicitFileType = wrapper.application; includeInIndex = 0; path = "VK Client.app"; sourceTree = BUILT_PRODUCTS_DIR; };
		CF8755C9249EC7B600F5999F /* AppDelegate.swift */ = {isa = PBXFileReference; lastKnownFileType = sourcecode.swift; path = AppDelegate.swift; sourceTree = "<group>"; };
		CF8755CD249EC7B700F5999F /* LoginViewController.swift */ = {isa = PBXFileReference; lastKnownFileType = sourcecode.swift; path = LoginViewController.swift; sourceTree = "<group>"; };
		CF8755D2249EC7B700F5999F /* Assets.xcassets */ = {isa = PBXFileReference; lastKnownFileType = folder.assetcatalog; path = Assets.xcassets; sourceTree = "<group>"; };
		CF8755D5249EC7B700F5999F /* Base */ = {isa = PBXFileReference; lastKnownFileType = file.storyboard; name = Base; path = Base.lproj/LaunchScreen.storyboard; sourceTree = "<group>"; };
		CF8755D7249EC7B700F5999F /* Info.plist */ = {isa = PBXFileReference; lastKnownFileType = text.plist.xml; path = Info.plist; sourceTree = "<group>"; };
		CF8755E6249ECF5600F5999F /* RootAssembly.swift */ = {isa = PBXFileReference; lastKnownFileType = sourcecode.swift; path = RootAssembly.swift; sourceTree = "<group>"; };
		CF8755E8249ECF9A00F5999F /* CoreAssembly.swift */ = {isa = PBXFileReference; lastKnownFileType = sourcecode.swift; path = CoreAssembly.swift; sourceTree = "<group>"; };
		CF8755EA249ECFC600F5999F /* ServicesAssembly.swift */ = {isa = PBXFileReference; lastKnownFileType = sourcecode.swift; path = ServicesAssembly.swift; sourceTree = "<group>"; };
		CF8755EC249ED03400F5999F /* PresentationAssembly.swift */ = {isa = PBXFileReference; lastKnownFileType = sourcecode.swift; path = PresentationAssembly.swift; sourceTree = "<group>"; };
		CF8A97D1249FFAD200C13F74 /* LoginVCModel.swift */ = {isa = PBXFileReference; lastKnownFileType = sourcecode.swift; path = LoginVCModel.swift; sourceTree = "<group>"; };
/* End PBXFileReference section */

/* Begin PBXFrameworksBuildPhase section */
		CF8755C3249EC7B600F5999F /* Frameworks */ = {
			isa = PBXFrameworksBuildPhase;
			buildActionMask = 2147483647;
			files = (
			);
			runOnlyForDeploymentPostprocessing = 0;
		};
/* End PBXFrameworksBuildPhase section */

/* Begin PBXGroup section */
		CF8755BD249EC7B600F5999F = {
			isa = PBXGroup;
			children = (
				CF8755C8249EC7B600F5999F /* VK Client */,
				CF8755C7249EC7B600F5999F /* Products */,
			);
			sourceTree = "<group>";
		};
		CF8755C7249EC7B600F5999F /* Products */ = {
			isa = PBXGroup;
			children = (
				CF8755C6249EC7B600F5999F /* VK Client.app */,
			);
			name = Products;
			sourceTree = "<group>";
		};
		CF8755C8249EC7B600F5999F /* VK Client */ = {
			isa = PBXGroup;
			children = (
				CF8755DE249ECE9B00F5999F /* PresentationLayer */,
				CF8755E1249ECEE700F5999F /* ServiceLayer */,
				CF8755E4249ECF1900F5999F /* CoreLayer */,
				CF8755E6249ECF5600F5999F /* RootAssembly.swift */,
				CF8755C9249EC7B600F5999F /* AppDelegate.swift */,
				CF8755DD249ECA3500F5999F /* Resources */,
			);
			path = "VK Client";
			sourceTree = "<group>";
		};
		CF8755DD249ECA3500F5999F /* Resources */ = {
			isa = PBXGroup;
			children = (
				CF8755D7249EC7B700F5999F /* Info.plist */,
				CF8755D4249EC7B700F5999F /* LaunchScreen.storyboard */,
				CF8755D2249EC7B700F5999F /* Assets.xcassets */,
			);
			path = Resources;
			sourceTree = "<group>";
		};
		CF8755DE249ECE9B00F5999F /* PresentationLayer */ = {
			isa = PBXGroup;
			children = (
				CF8755DF249ECEBE00F5999F /* Assembly */,
				CF8755E0249ECECD00F5999F /* Modules */,
			);
			path = PresentationLayer;
			sourceTree = "<group>";
		};
		CF8755DF249ECEBE00F5999F /* Assembly */ = {
			isa = PBXGroup;
			children = (
				CF8755EC249ED03400F5999F /* PresentationAssembly.swift */,
			);
			path = Assembly;
			sourceTree = "<group>";
		};
		CF8755E0249ECECD00F5999F /* Modules */ = {
			isa = PBXGroup;
			children = (
				CF8A97D0249FFAAE00C13F74 /* LoginVC */,
			);
			path = Modules;
			sourceTree = "<group>";
		};
		CF8755E1249ECEE700F5999F /* ServiceLayer */ = {
			isa = PBXGroup;
			children = (
				CF8755E2249ECEFA00F5999F /* Assembly */,
				CF8755E3249ECF0700F5999F /* Services */,
			);
			path = ServiceLayer;
			sourceTree = "<group>";
		};
		CF8755E2249ECEFA00F5999F /* Assembly */ = {
			isa = PBXGroup;
			children = (
				CF8755EA249ECFC600F5999F /* ServicesAssembly.swift */,
			);
			path = Assembly;
			sourceTree = "<group>";
		};
		CF8755E3249ECF0700F5999F /* Services */ = {
			isa = PBXGroup;
			children = (
			);
			path = Services;
			sourceTree = "<group>";
		};
		CF8755E4249ECF1900F5999F /* CoreLayer */ = {
			isa = PBXGroup;
			children = (
				CF8755E5249ECF2600F5999F /* Assembly */,
			);
			path = CoreLayer;
			sourceTree = "<group>";
		};
		CF8755E5249ECF2600F5999F /* Assembly */ = {
			isa = PBXGroup;
			children = (
				CF8755E8249ECF9A00F5999F /* CoreAssembly.swift */,
			);
			path = Assembly;
			sourceTree = "<group>";
		};
		CF8A97D0249FFAAE00C13F74 /* LoginVC */ = {
			isa = PBXGroup;
			children = (
				CF8755CD249EC7B700F5999F /* LoginViewController.swift */,
				CF8A97D1249FFAD200C13F74 /* LoginVCModel.swift */,
				CF5CCBE024A005E3001DC59B /* LoginVCView.swift */,
				CF5CCBE224A0184C001DC59B /* LoginAndPasswordView.swift */,
			);
			path = LoginVC;
			sourceTree = "<group>";
		};
/* End PBXGroup section */

/* Begin PBXNativeTarget section */
		CF8755C5249EC7B600F5999F /* VK Client */ = {
			isa = PBXNativeTarget;
			buildConfigurationList = CF8755DA249EC7B700F5999F /* Build configuration list for PBXNativeTarget "VK Client" */;
			buildPhases = (
				CF8755C2249EC7B600F5999F /* Sources */,
				CF8755C3249EC7B600F5999F /* Frameworks */,
				CF8755C4249EC7B600F5999F /* Resources */,
			);
			buildRules = (
			);
			dependencies = (
			);
			name = "VK Client";
			productName = "VK Client";
			productReference = CF8755C6249EC7B600F5999F /* VK Client.app */;
			productType = "com.apple.product-type.application";
		};
/* End PBXNativeTarget section */

/* Begin PBXProject section */
		CF8755BE249EC7B600F5999F /* Project object */ = {
			isa = PBXProject;
			attributes = {
				LastSwiftUpdateCheck = 1150;
				LastUpgradeCheck = 1150;
				ORGANIZATIONNAME = Oleginc;
				TargetAttributes = {
					CF8755C5249EC7B600F5999F = {
						CreatedOnToolsVersion = 11.5;
					};
				};
			};
			buildConfigurationList = CF8755C1249EC7B600F5999F /* Build configuration list for PBXProject "VK Client" */;
			compatibilityVersion = "Xcode 9.3";
			developmentRegion = en;
			hasScannedForEncodings = 0;
			knownRegions = (
				en,
				Base,
			);
			mainGroup = CF8755BD249EC7B600F5999F;
			productRefGroup = CF8755C7249EC7B600F5999F /* Products */;
			projectDirPath = "";
			projectRoot = "";
			targets = (
				CF8755C5249EC7B600F5999F /* VK Client */,
			);
		};
/* End PBXProject section */

/* Begin PBXResourcesBuildPhase section */
		CF8755C4249EC7B600F5999F /* Resources */ = {
			isa = PBXResourcesBuildPhase;
			buildActionMask = 2147483647;
			files = (
				CF8755D6249EC7B700F5999F /* LaunchScreen.storyboard in Resources */,
				CF8755D3249EC7B700F5999F /* Assets.xcassets in Resources */,
			);
			runOnlyForDeploymentPostprocessing = 0;
		};
/* End PBXResourcesBuildPhase section */

/* Begin PBXSourcesBuildPhase section */
		CF8755C2249EC7B600F5999F /* Sources */ = {
			isa = PBXSourcesBuildPhase;
			buildActionMask = 2147483647;
			files = (
				CF8A97D2249FFAD200C13F74 /* LoginVCModel.swift in Sources */,
				CF5CCBE124A005E3001DC59B /* LoginVCView.swift in Sources */,
				CF8755CE249EC7B700F5999F /* LoginViewController.swift in Sources */,
				CF8755EB249ECFC600F5999F /* ServicesAssembly.swift in Sources */,
				CF8755E7249ECF5600F5999F /* RootAssembly.swift in Sources */,
				CF8755ED249ED03400F5999F /* PresentationAssembly.swift in Sources */,
				CF8755E9249ECF9A00F5999F /* CoreAssembly.swift in Sources */,
				CF8755CA249EC7B600F5999F /* AppDelegate.swift in Sources */,
				CF5CCBE324A0184C001DC59B /* LoginAndPasswordView.swift in Sources */,
			);
			runOnlyForDeploymentPostprocessing = 0;
		};
/* End PBXSourcesBuildPhase section */

/* Begin PBXVariantGroup section */
		CF8755D4249EC7B700F5999F /* LaunchScreen.storyboard */ = {
			isa = PBXVariantGroup;
			children = (
				CF8755D5249EC7B700F5999F /* Base */,
			);
			name = LaunchScreen.storyboard;
			sourceTree = "<group>";
		};
/* End PBXVariantGroup section */

/* Begin XCBuildConfiguration section */
		CF8755D8249EC7B700F5999F /* Debug */ = {
			isa = XCBuildConfiguration;
			buildSettings = {
				ALWAYS_SEARCH_USER_PATHS = NO;
				CLANG_ANALYZER_NONNULL = YES;
				CLANG_ANALYZER_NUMBER_OBJECT_CONVERSION = YES_AGGRESSIVE;
				CLANG_CXX_LANGUAGE_STANDARD = "gnu++14";
				CLANG_CXX_LIBRARY = "libc++";
				CLANG_ENABLE_MODULES = YES;
				CLANG_ENABLE_OBJC_ARC = YES;
				CLANG_ENABLE_OBJC_WEAK = YES;
				CLANG_WARN_BLOCK_CAPTURE_AUTORELEASING = YES;
				CLANG_WARN_BOOL_CONVERSION = YES;
				CLANG_WARN_COMMA = YES;
				CLANG_WARN_CONSTANT_CONVERSION = YES;
				CLANG_WARN_DEPRECATED_OBJC_IMPLEMENTATIONS = YES;
				CLANG_WARN_DIRECT_OBJC_ISA_USAGE = YES_ERROR;
				CLANG_WARN_DOCUMENTATION_COMMENTS = YES;
				CLANG_WARN_EMPTY_BODY = YES;
				CLANG_WARN_ENUM_CONVERSION = YES;
				CLANG_WARN_INFINITE_RECURSION = YES;
				CLANG_WARN_INT_CONVERSION = YES;
				CLANG_WARN_NON_LITERAL_NULL_CONVERSION = YES;
				CLANG_WARN_OBJC_IMPLICIT_RETAIN_SELF = YES;
				CLANG_WARN_OBJC_LITERAL_CONVERSION = YES;
				CLANG_WARN_OBJC_ROOT_CLASS = YES_ERROR;
				CLANG_WARN_RANGE_LOOP_ANALYSIS = YES;
				CLANG_WARN_STRICT_PROTOTYPES = YES;
				CLANG_WARN_SUSPICIOUS_MOVE = YES;
				CLANG_WARN_UNGUARDED_AVAILABILITY = YES_AGGRESSIVE;
				CLANG_WARN_UNREACHABLE_CODE = YES;
				CLANG_WARN__DUPLICATE_METHOD_MATCH = YES;
				COPY_PHASE_STRIP = NO;
				DEBUG_INFORMATION_FORMAT = dwarf;
				ENABLE_STRICT_OBJC_MSGSEND = YES;
				ENABLE_TESTABILITY = YES;
				GCC_C_LANGUAGE_STANDARD = gnu11;
				GCC_DYNAMIC_NO_PIC = NO;
				GCC_NO_COMMON_BLOCKS = YES;
				GCC_OPTIMIZATION_LEVEL = 0;
				GCC_PREPROCESSOR_DEFINITIONS = (
					"DEBUG=1",
					"$(inherited)",
				);
				GCC_WARN_64_TO_32_BIT_CONVERSION = YES;
				GCC_WARN_ABOUT_RETURN_TYPE = YES_ERROR;
				GCC_WARN_UNDECLARED_SELECTOR = YES;
				GCC_WARN_UNINITIALIZED_AUTOS = YES_AGGRESSIVE;
				GCC_WARN_UNUSED_FUNCTION = YES;
				GCC_WARN_UNUSED_VARIABLE = YES;
				IPHONEOS_DEPLOYMENT_TARGET = 11.0;
				MTL_ENABLE_DEBUG_INFO = INCLUDE_SOURCE;
				MTL_FAST_MATH = YES;
				ONLY_ACTIVE_ARCH = YES;
				SDKROOT = iphoneos;
				SWIFT_ACTIVE_COMPILATION_CONDITIONS = DEBUG;
				SWIFT_OPTIMIZATION_LEVEL = "-Onone";
			};
			name = Debug;
		};
		CF8755D9249EC7B700F5999F /* Release */ = {
			isa = XCBuildConfiguration;
			buildSettings = {
				ALWAYS_SEARCH_USER_PATHS = NO;
				CLANG_ANALYZER_NONNULL = YES;
				CLANG_ANALYZER_NUMBER_OBJECT_CONVERSION = YES_AGGRESSIVE;
				CLANG_CXX_LANGUAGE_STANDARD = "gnu++14";
				CLANG_CXX_LIBRARY = "libc++";
				CLANG_ENABLE_MODULES = YES;
				CLANG_ENABLE_OBJC_ARC = YES;
				CLANG_ENABLE_OBJC_WEAK = YES;
				CLANG_WARN_BLOCK_CAPTURE_AUTORELEASING = YES;
				CLANG_WARN_BOOL_CONVERSION = YES;
				CLANG_WARN_COMMA = YES;
				CLANG_WARN_CONSTANT_CONVERSION = YES;
				CLANG_WARN_DEPRECATED_OBJC_IMPLEMENTATIONS = YES;
				CLANG_WARN_DIRECT_OBJC_ISA_USAGE = YES_ERROR;
				CLANG_WARN_DOCUMENTATION_COMMENTS = YES;
				CLANG_WARN_EMPTY_BODY = YES;
				CLANG_WARN_ENUM_CONVERSION = YES;
				CLANG_WARN_INFINITE_RECURSION = YES;
				CLANG_WARN_INT_CONVERSION = YES;
				CLANG_WARN_NON_LITERAL_NULL_CONVERSION = YES;
				CLANG_WARN_OBJC_IMPLICIT_RETAIN_SELF = YES;
				CLANG_WARN_OBJC_LITERAL_CONVERSION = YES;
				CLANG_WARN_OBJC_ROOT_CLASS = YES_ERROR;
				CLANG_WARN_RANGE_LOOP_ANALYSIS = YES;
				CLANG_WARN_STRICT_PROTOTYPES = YES;
				CLANG_WARN_SUSPICIOUS_MOVE = YES;
				CLANG_WARN_UNGUARDED_AVAILABILITY = YES_AGGRESSIVE;
				CLANG_WARN_UNREACHABLE_CODE = YES;
				CLANG_WARN__DUPLICATE_METHOD_MATCH = YES;
				COPY_PHASE_STRIP = NO;
				DEBUG_INFORMATION_FORMAT = "dwarf-with-dsym";
				ENABLE_NS_ASSERTIONS = NO;
				ENABLE_STRICT_OBJC_MSGSEND = YES;
				GCC_C_LANGUAGE_STANDARD = gnu11;
				GCC_NO_COMMON_BLOCKS = YES;
				GCC_WARN_64_TO_32_BIT_CONVERSION = YES;
				GCC_WARN_ABOUT_RETURN_TYPE = YES_ERROR;
				GCC_WARN_UNDECLARED_SELECTOR = YES;
				GCC_WARN_UNINITIALIZED_AUTOS = YES_AGGRESSIVE;
				GCC_WARN_UNUSED_FUNCTION = YES;
				GCC_WARN_UNUSED_VARIABLE = YES;
				IPHONEOS_DEPLOYMENT_TARGET = 11.0;
				MTL_ENABLE_DEBUG_INFO = NO;
				MTL_FAST_MATH = YES;
				SDKROOT = iphoneos;
				SWIFT_COMPILATION_MODE = wholemodule;
				SWIFT_OPTIMIZATION_LEVEL = "-O";
				VALIDATE_PRODUCT = YES;
			};
			name = Release;
		};
		CF8755DB249EC7B700F5999F /* Debug */ = {
			isa = XCBuildConfiguration;
			buildSettings = {
				ASSETCATALOG_COMPILER_APPICON_NAME = AppIcon;
				CODE_SIGN_STYLE = Automatic;
				DEVELOPMENT_TEAM = G62NMGFRS3;
				INFOPLIST_FILE = "VK Client/Resources/Info.plist";
				LD_RUNPATH_SEARCH_PATHS = (
					"$(inherited)",
					"@executable_path/Frameworks",
				);
				PRODUCT_BUNDLE_IDENTIFIER = "OGI.VK-Client";
				PRODUCT_NAME = "$(TARGET_NAME)";
				SWIFT_VERSION = 5.0;
				TARGETED_DEVICE_FAMILY = 1;
			};
			name = Debug;
		};
		CF8755DC249EC7B700F5999F /* Release */ = {
			isa = XCBuildConfiguration;
			buildSettings = {
				ASSETCATALOG_COMPILER_APPICON_NAME = AppIcon;
				CODE_SIGN_STYLE = Automatic;
				DEVELOPMENT_TEAM = G62NMGFRS3;
				INFOPLIST_FILE = "VK Client/Resources/Info.plist";
				LD_RUNPATH_SEARCH_PATHS = (
					"$(inherited)",
					"@executable_path/Frameworks",
				);
				PRODUCT_BUNDLE_IDENTIFIER = "OGI.VK-Client";
				PRODUCT_NAME = "$(TARGET_NAME)";
				SWIFT_VERSION = 5.0;
				TARGETED_DEVICE_FAMILY = 1;
			};
			name = Release;
		};
/* End XCBuildConfiguration section */

/* Begin XCConfigurationList section */
		CF8755C1249EC7B600F5999F /* Build configuration list for PBXProject "VK Client" */ = {
			isa = XCConfigurationList;
			buildConfigurations = (
				CF8755D8249EC7B700F5999F /* Debug */,
				CF8755D9249EC7B700F5999F /* Release */,
			);
			defaultConfigurationIsVisible = 0;
			defaultConfigurationName = Release;
		};
		CF8755DA249EC7B700F5999F /* Build configuration list for PBXNativeTarget "VK Client" */ = {
			isa = XCConfigurationList;
			buildConfigurations = (
				CF8755DB249EC7B700F5999F /* Debug */,
				CF8755DC249EC7B700F5999F /* Release */,
			);
			defaultConfigurationIsVisible = 0;
			defaultConfigurationName = Release;
		};
/* End XCConfigurationList section */
	};
	rootObject = CF8755BE249EC7B600F5999F /* Project object */;
}
